
Microsoft Visual Studio Solution File, Format Version 12.00
# Visual Studio 15
VisualStudioVersion = 15.0.28307.1267
MinimumVisualStudioVersion = 10.0.40219.1
Project("{FAE04EC0-301F-11D3-BF4B-00C04F79EFBC}") = "Task1_1", "Task1_1\Task1_1.csproj", "{1DA288C9-7E72-4F80-9477-4E705F2A2472}"
EndProject
Project("{9A19103F-16F7-4668-BE54-9A1E7A4F7556}") = "StringLibrary", "..\StringLibrary\StringLibrary\StringLibrary.csproj", "{24614D2E-C61A-41EB-ADF4-F99EF6759446}"
EndProject
Global
	GlobalSection(SolutionConfigurationPlatforms) = preSolution
		Debug|Any CPU = Debug|Any CPU
		Release|Any CPU = Release|Any CPU
	EndGlobalSection
	GlobalSection(ProjectConfigurationPlatforms) = postSolution
		{1DA288C9-7E72-4F80-9477-4E705F2A2472}.Debug|Any CPU.ActiveCfg = Debug|Any CPU
		{1DA288C9-7E72-4F80-9477-4E705F2A2472}.Debug|Any CPU.Build.0 = Debug|Any CPU
		{1DA288C9-7E72-4F80-9477-4E705F2A2472}.Release|Any CPU.ActiveCfg = Release|Any CPU
		{1DA288C9-7E72-4F80-9477-4E705F2A2472}.Release|Any CPU.Build.0 = Release|Any CPU
		{24614D2E-C61A-41EB-ADF4-F99EF6759446}.Debug|Any CPU.ActiveCfg = Debug|Any CPU
		{24614D2E-C61A-41EB-ADF4-F99EF6759446}.Debug|Any CPU.Build.0 = Debug|Any CPU
		{24614D2E-C61A-41EB-ADF4-F99EF6759446}.Release|Any CPU.ActiveCfg = Release|Any CPU
		{24614D2E-C61A-41EB-ADF4-F99EF6759446}.Release|Any CPU.Build.0 = Release|Any CPU
	EndGlobalSection
	GlobalSection(SolutionProperties) = preSolution
		HideSolutionNode = FALSE
	EndGlobalSection
	GlobalSection(ExtensibilityGlobals) = postSolution
		SolutionGuid = {2FE1E246-38A9-45FB-BF1C-60150AE66D01}
	EndGlobalSection
EndGlobal
